// !$*UTF8*$!
{
	archiveVersion = 1;
	classes = {
	};
	objectVersion = 50;
	objects = {

/* Begin PBXBuildFile section */
		CB1B56BE250A3A1200FB03A0 /* AppDelegate.swift in Sources */ = {isa = PBXBuildFile; fileRef = CB1B56BD250A3A1200FB03A0 /* AppDelegate.swift */; };
		CB1B56C0250A3A1200FB03A0 /* SceneDelegate.swift in Sources */ = {isa = PBXBuildFile; fileRef = CB1B56BF250A3A1200FB03A0 /* SceneDelegate.swift */; };
		CB1B56C2250A3A1200FB03A0 /* ViewController.swift in Sources */ = {isa = PBXBuildFile; fileRef = CB1B56C1250A3A1200FB03A0 /* ViewController.swift */; };
		CB1B56C5250A3A1200FB03A0 /* Main.storyboard in Resources */ = {isa = PBXBuildFile; fileRef = CB1B56C3250A3A1200FB03A0 /* Main.storyboard */; };
		CB1B56C7250A3A1300FB03A0 /* Assets.xcassets in Resources */ = {isa = PBXBuildFile; fileRef = CB1B56C6250A3A1300FB03A0 /* Assets.xcassets */; };
		CB1B56CA250A3A1300FB03A0 /* LaunchScreen.storyboard in Resources */ = {isa = PBXBuildFile; fileRef = CB1B56C8250A3A1300FB03A0 /* LaunchScreen.storyboard */; };
/* End PBXBuildFile section */

/* Begin PBXFileReference section */
		CB1B56BA250A3A1200FB03A0 /* YusukeJanken.app */ = {isa = PBXFileReference; explicitFileType = wrapper.application; includeInIndex = 0; path = YusukeJanken.app; sourceTree = BUILT_PRODUCTS_DIR; };
		CB1B56BD250A3A1200FB03A0 /* AppDelegate.swift */ = {isa = PBXFileReference; lastKnownFileType = sourcecode.swift; path = AppDelegate.swift; sourceTree = "<group>"; };
		CB1B56BF250A3A1200FB03A0 /* SceneDelegate.swift */ = {isa = PBXFileReference; lastKnownFileType = sourcecode.swift; path = SceneDelegate.swift; sourceTree = "<group>"; };
		CB1B56C1250A3A1200FB03A0 /* ViewController.swift */ = {isa = PBXFileReference; lastKnownFileType = sourcecode.swift; path = ViewController.swift; sourceTree = "<group>"; };
		CB1B56C4250A3A1200FB03A0 /* Base */ = {isa = PBXFileReference; lastKnownFileType = file.storyboard; name = Base; path = Base.lproj/Main.storyboard; sourceTree = "<group>"; };
		CB1B56C6250A3A1300FB03A0 /* Assets.xcassets */ = {isa = PBXFileReference; lastKnownFileType = folder.assetcatalog; path = Assets.xcassets; sourceTree = "<group>"; };
		CB1B56C9250A3A1300FB03A0 /* Base */ = {isa = PBXFileReference; lastKnownFileType = file.storyboard; name = Base; path = Base.lproj/LaunchScreen.storyboard; sourceTree = "<group>"; };
		CB1B56CB250A3A1300FB03A0 /* Info.plist */ = {isa = PBXFileReference; lastKnownFileType = text.plist.xml; path = Info.plist; sourceTree = "<group>"; };
/* End PBXFileReference section */

/* Begin PBXFrameworksBuildPhase section */
		CB1B56B7250A3A1200FB03A0 /* Frameworks */ = {
			isa = PBXFrameworksBuildPhase;
			buildActionMask = 2147483647;
			files = (
			);
			runOnlyForDeploymentPostprocessing = 0;
		};
/* End PBXFrameworksBuildPhase section */

/* Begin PBXGroup section */
		CB1B56B1250A3A1200FB03A0 = {
			isa = PBXGroup;
			children = (
				CB1B56BC250A3A1200FB03A0 /* YusukeJanken */,
				CB1B56BB250A3A1200FB03A0 /* Products */,
			);
			sourceTree = "<group>";
		};
		CB1B56BB250A3A1200FB03A0 /* Products */ = {
			isa = PBXGroup;
			children = (
				CB1B56BA250A3A1200FB03A0 /* YusukeJanken.app */,
			);
			name = Products;
			sourceTree = "<group>";
		};
		CB1B56BC250A3A1200FB03A0 /* YusukeJanken */ = {
			isa = PBXGroup;
			children = (
				CB1B56BD250A3A1200FB03A0 /* AppDelegate.swift */,
				CB1B56BF250A3A1200FB03A0 /* SceneDelegate.swift */,
				CB1B56C1250A3A1200FB03A0 /* ViewController.swift */,
				CB1B56C3250A3A1200FB03A0 /* Main.storyboard */,
				CB1B56C6250A3A1300FB03A0 /* Assets.xcassets */,
				CB1B56C8250A3A1300FB03A0 /* LaunchScreen.storyboard */,
				CB1B56CB250A3A1300FB03A0 /* Info.plist */,
			);
			path = YusukeJanken;
			sourceTree = "<group>";
		};
/* End PBXGroup section */

/* Begin PBXNativeTarget section */
		CB1B56B9250A3A1200FB03A0 /* YusukeJanken */ = {
			isa = PBXNativeTarget;
			buildConfigurationList = CB1B56CE250A3A1300FB03A0 /* Build configuration list for PBXNativeTarget "YusukeJanken" */;
			buildPhases = (
				CB1B56B6250A3A1200FB03A0 /* Sources */,
				CB1B56B7250A3A1200FB03A0 /* Frameworks */,
				CB1B56B8250A3A1200FB03A0 /* Resources */,
			);
			buildRules = (
			);
			dependencies = (
			);
			name = YusukeJanken;
			productName = YusukeJanken;
			productReference = CB1B56BA250A3A1200FB03A0 /* YusukeJanken.app */;
			productType = "com.apple.product-type.application";
		};
/* End PBXNativeTarget section */

/* Begin PBXProject section */
		CB1B56B2250A3A1200FB03A0 /* Project object */ = {
			isa = PBXProject;
			attributes = {
				LastSwiftUpdateCheck = 1170;
				LastUpgradeCheck = 1170;
				ORGANIZATIONNAME = Yusuke.Murayama;
				TargetAttributes = {
					CB1B56B9250A3A1200FB03A0 = {
						CreatedOnToolsVersion = 11.7;
					};
				};
			};
			buildConfigurationList = CB1B56B5250A3A1200FB03A0 /* Build configuration list for PBXProject "YusukeJanken" */;
			compatibilityVersion = "Xcode 9.3";
			developmentRegion = en;
			hasScannedForEncodings = 0;
			knownRegions = (
				en,
				Base,
			);
			mainGroup = CB1B56B1250A3A1200FB03A0;
			productRefGroup = CB1B56BB250A3A1200FB03A0 /* Products */;
			projectDirPath = "";
			projectRoot = "";
			targets = (
				CB1B56B9250A3A1200FB03A0 /* YusukeJanken */,
			);
		};
/* End PBXProject section */

/* Begin PBXResourcesBuildPhase section */
		CB1B56B8250A3A1200FB03A0 /* Resources */ = {
			isa = PBXResourcesBuildPhase;
			buildActionMask = 2147483647;
			files = (
				CB1B56CA250A3A1300FB03A0 /* LaunchScreen.storyboard in Resources */,
				CB1B56C7250A3A1300FB03A0 /* Assets.xcassets in Resources */,
				CB1B56C5250A3A1200FB03A0 /* Main.storyboard in Resources */,
			);
			runOnlyForDeploymentPostprocessing = 0;
		};
/* End PBXResourcesBuildPhase section */

/* Begin PBXSourcesBuildPhase section */
		CB1B56B6250A3A1200FB03A0 /* Sources */ = {
			isa = PBXSourcesBuildPhase;
			buildActionMask = 2147483647;
			files = (
				CB1B56C2250A3A1200FB03A0 /* ViewController.swift in Sources */,
				CB1B56BE250A3A1200FB03A0 /* AppDelegate.swift in Sources */,
				CB1B56C0250A3A1200FB03A0 /* SceneDelegate.swift in Sources */,
			);
			runOnlyForDeploymentPostprocessing = 0;
		};
/* End PBXSourcesBuildPhase section */

/* Begin PBXVariantGroup section */
		CB1B56C3250A3A1200FB03A0 /* Main.storyboard */ = {
			isa = PBXVariantGroup;
			children = (
				CB1B56C4250A3A1200FB03A0 /* Base */,
			);
			name = Main.storyboard;
			sourceTree = "<group>";
		};
		CB1B56C8250A3A1300FB03A0 /* LaunchScreen.storyboard */ = {
			isa = PBXVariantGroup;
			children = (
				CB1B56C9250A3A1300FB03A0 /* Base */,
			);
			name = LaunchScreen.storyboard;
			sourceTree = "<group>";
		};
/* End PBXVariantGroup section */

/* Begin XCBuildConfiguration section */
		CB1B56CC250A3A1300FB03A0 /* Debug */ = {
			isa = XCBuildConfiguration;
			buildSettings = {
				ALWAYS_SEARCH_USER_PATHS = NO;
				CLANG_ANALYZER_NONNULL = YES;
				CLANG_ANALYZER_NUMBER_OBJECT_CONVERSION = YES_AGGRESSIVE;
				CLANG_CXX_LANGUAGE_STANDARD = "gnu++14";
				CLANG_CXX_LIBRARY = "libc++";
				CLANG_ENABLE_MODULES = YES;
				CLANG_ENABLE_OBJC_ARC = YES;
				CLANG_ENABLE_OBJC_WEAK = YES;
				CLANG_WARN_BLOCK_CAPTURE_AUTORELEASING = YES;
				CLANG_WARN_BOOL_CONVERSION = YES;
				CLANG_WARN_COMMA = YES;
				CLANG_WARN_CONSTANT_CONVERSION = YES;
				CLANG_WARN_DEPRECATED_OBJC_IMPLEMENTATIONS = YES;
				CLANG_WARN_DIRECT_OBJC_ISA_USAGE = YES_ERROR;
				CLANG_WARN_DOCUMENTATION_COMMENTS = YES;
				CLANG_WARN_EMPTY_BODY = YES;
				CLANG_WARN_ENUM_CONVERSION = YES;
				CLANG_WARN_INFINITE_RECURSION = YES;
				CLANG_WARN_INT_CONVERSION = YES;
				CLANG_WARN_NON_LITERAL_NULL_CONVERSION = YES;
				CLANG_WARN_OBJC_IMPLICIT_RETAIN_SELF = YES;
				CLANG_WARN_OBJC_LITERAL_CONVERSION = YES;
				CLANG_WARN_OBJC_ROOT_CLASS = YES_ERROR;
				CLANG_WARN_RANGE_LOOP_ANALYSIS = YES;
				CLANG_WARN_STRICT_PROTOTYPES = YES;
				CLANG_WARN_SUSPICIOUS_MOVE = YES;
				CLANG_WARN_UNGUARDED_AVAILABILITY = YES_AGGRESSIVE;
				CLANG_WARN_UNREACHABLE_CODE = YES;
				CLANG_WARN__DUPLICATE_METHOD_MATCH = YES;
				COPY_PHASE_STRIP = NO;
				DEBUG_INFORMATION_FORMAT = dwarf;
				ENABLE_STRICT_OBJC_MSGSEND = YES;
				ENABLE_TESTABILITY = YES;
				GCC_C_LANGUAGE_STANDARD = gnu11;
				GCC_DYNAMIC_NO_PIC = NO;
				GCC_NO_COMMON_BLOCKS = YES;
				GCC_OPTIMIZATION_LEVEL = 0;
				GCC_PREPROCESSOR_DEFINITIONS = (
					"DEBUG=1",
					"$(inherited)",
				);
				GCC_WARN_64_TO_32_BIT_CONVERSION = YES;
				GCC_WARN_ABOUT_RETURN_TYPE = YES_ERROR;
				GCC_WARN_UNDECLARED_SELECTOR = YES;
				GCC_WARN_UNINITIALIZED_AUTOS = YES_AGGRESSIVE;
				GCC_WARN_UNUSED_FUNCTION = YES;
				GCC_WARN_UNUSED_VARIABLE = YES;
				IPHONEOS_DEPLOYMENT_TARGET = 13.7;
				MTL_ENABLE_DEBUG_INFO = INCLUDE_SOURCE;
				MTL_FAST_MATH = YES;
				ONLY_ACTIVE_ARCH = YES;
				SDKROOT = iphoneos;
				SWIFT_ACTIVE_COMPILATION_CONDITIONS = DEBUG;
				SWIFT_OPTIMIZATION_LEVEL = "-Onone";
			};
			name = Debug;
		};
		CB1B56CD250A3A1300FB03A0 /* Release */ = {
			isa = XCBuildConfiguration;
			buildSettings = {
				ALWAYS_SEARCH_USER_PATHS = NO;
				CLANG_ANALYZER_NONNULL = YES;
				CLANG_ANALYZER_NUMBER_OBJECT_CONVERSION = YES_AGGRESSIVE;
				CLANG_CXX_LANGUAGE_STANDARD = "gnu++14";
				CLANG_CXX_LIBRARY = "libc++";
				CLANG_ENABLE_MODULES = YES;
				CLANG_ENABLE_OBJC_ARC = YES;
				CLANG_ENABLE_OBJC_WEAK = YES;
				CLANG_WARN_BLOCK_CAPTURE_AUTORELEASING = YES;
				CLANG_WARN_BOOL_CONVERSION = YES;
				CLANG_WARN_COMMA = YES;
				CLANG_WARN_CONSTANT_CONVERSION = YES;
				CLANG_WARN_DEPRECATED_OBJC_IMPLEMENTATIONS = YES;
				CLANG_WARN_DIRECT_OBJC_ISA_USAGE = YES_ERROR;
				CLANG_WARN_DOCUMENTATION_COMMENTS = YES;
				CLANG_WARN_EMPTY_BODY = YES;
				CLANG_WARN_ENUM_CONVERSION = YES;
				CLANG_WARN_INFINITE_RECURSION = YES;
				CLANG_WARN_INT_CONVERSION = YES;
				CLANG_WARN_NON_LITERAL_NULL_CONVERSION = YES;
				CLANG_WARN_OBJC_IMPLICIT_RETAIN_SELF = YES;
				CLANG_WARN_OBJC_LITERAL_CONVERSION = YES;
				CLANG_WARN_OBJC_ROOT_CLASS = YES_ERROR;
				CLANG_WARN_RANGE_LOOP_ANALYSIS = YES;
				CLANG_WARN_STRICT_PROTOTYPES = YES;
				CLANG_WARN_SUSPICIOUS_MOVE = YES;
				CLANG_WARN_UNGUARDED_AVAILABILITY = YES_AGGRESSIVE;
				CLANG_WARN_UNREACHABLE_CODE = YES;
				CLANG_WARN__DUPLICATE_METHOD_MATCH = YES;
				COPY_PHASE_STRIP = NO;
				DEBUG_INFORMATION_FORMAT = "dwarf-with-dsym";
				ENABLE_NS_ASSERTIONS = NO;
				ENABLE_STRICT_OBJC_MSGSEND = YES;
				GCC_C_LANGUAGE_STANDARD = gnu11;
				GCC_NO_COMMON_BLOCKS = YES;
				GCC_WARN_64_TO_32_BIT_CONVERSION = YES;
				GCC_WARN_ABOUT_RETURN_TYPE = YES_ERROR;
				GCC_WARN_UNDECLARED_SELECTOR = YES;
				GCC_WARN_UNINITIALIZED_AUTOS = YES_AGGRESSIVE;
				GCC_WARN_UNUSED_FUNCTION = YES;
				GCC_WARN_UNUSED_VARIABLE = YES;
				IPHONEOS_DEPLOYMENT_TARGET = 13.7;
				MTL_ENABLE_DEBUG_INFO = NO;
				MTL_FAST_MATH = YES;
				SDKROOT = iphoneos;
				SWIFT_COMPILATION_MODE = wholemodule;
				SWIFT_OPTIMIZATION_LEVEL = "-O";
				VALIDATE_PRODUCT = YES;
			};
			name = Release;
		};
		CB1B56CF250A3A1300FB03A0 /* Debug */ = {
			isa = XCBuildConfiguration;
			buildSettings = {
				ASSETCATALOG_COMPILER_APPICON_NAME = AppIcon;
				CODE_SIGN_STYLE = Automatic;
				DEVELOPMENT_TEAM = YH73XZSZGX;
				INFOPLIST_FILE = YusukeJanken/Info.plist;
				LD_RUNPATH_SEARCH_PATHS = (
					"$(inherited)",
					"@executable_path/Frameworks",
				);
				PRODUCT_BUNDLE_IDENTIFIER = jp.techacademy.yusuke.murayama.YusukeJanken;
				PRODUCT_NAME = "$(TARGET_NAME)";
				SWIFT_VERSION = 5.0;
				TARGETED_DEVICE_FAMILY = "1,2";
			};
			name = Debug;
		};
		CB1B56D0250A3A1300FB03A0 /* Release */ = {
			isa = XCBuildConfiguration;
			buildSettings = {
				ASSETCATALOG_COMPILER_APPICON_NAME = AppIcon;
				CODE_SIGN_STYLE = Automatic;
				DEVELOPMENT_TEAM = YH73XZSZGX;
				INFOPLIST_FILE = YusukeJanken/Info.plist;
				LD_RUNPATH_SEARCH_PATHS = (
					"$(inherited)",
					"@executable_path/Frameworks",
				);
				PRODUCT_BUNDLE_IDENTIFIER = jp.techacademy.yusuke.murayama.YusukeJanken;
				PRODUCT_NAME = "$(TARGET_NAME)";
				SWIFT_VERSION = 5.0;
				TARGETED_DEVICE_FAMILY = "1,2";
			};
			name = Release;
		};
/* End XCBuildConfiguration section */

/* Begin XCConfigurationList section */
		CB1B56B5250A3A1200FB03A0 /* Build configuration list for PBXProject "YusukeJanken" */ = {
			isa = XCConfigurationList;
			buildConfigurations = (
				CB1B56CC250A3A1300FB03A0 /* Debug */,
				CB1B56CD250A3A1300FB03A0 /* Release */,
			);
			defaultConfigurationIsVisible = 0;
			defaultConfigurationName = Release;
		};
		CB1B56CE250A3A1300FB03A0 /* Build configuration list for PBXNativeTarget "YusukeJanken" */ = {
			isa = XCConfigurationList;
			buildConfigurations = (
				CB1B56CF250A3A1300FB03A0 /* Debug */,
				CB1B56D0250A3A1300FB03A0 /* Release */,
			);
			defaultConfigurationIsVisible = 0;
			defaultConfigurationName = Release;
		};
/* End XCConfigurationList section */
	};
	rootObject = CB1B56B2250A3A1200FB03A0 /* Project object */;
}
